
Microsoft Visual Studio Solution File, Format Version 12.00
# Visual Studio Version 17
VisualStudioVersion = 17.7.34031.279
MinimumVisualStudioVersion = 10.0.40219.1
Project("{9A19103F-16F7-4668-BE54-9A1E7A4F7556}") = "Simon", "Simon.csproj", "{45304C69-EFE8-45D8-8B3F-F54FB23954D8}"
EndProject
Project("{2150E333-8FDC-42A3-9474-1A3956D46DE8}") = "Data", "Data", "{E467C69A-647D-47EB-B43B-CB6B96CF7A5C}"
EndProject
Project("{9A19103F-16F7-4668-BE54-9A1E7A4F7556}") = "ObjectLibrary", "Data\ObjectLibrary\ObjectLibrary.csproj", "{2DAFE48E-9011-4D60-AD2C-2EADE92B5094}"
EndProject
Global
	GlobalSection(SolutionConfigurationPlatforms) = preSolution
		Debug|Any CPU = Debug|Any CPU
		Release|Any CPU = Release|Any CPU
	EndGlobalSection
	GlobalSection(ProjectConfigurationPlatforms) = postSolution
		{45304C69-EFE8-45D8-8B3F-F54FB23954D8}.Debug|Any CPU.ActiveCfg = Debug|Any CPU
		{45304C69-EFE8-45D8-8B3F-F54FB23954D8}.Debug|Any CPU.Build.0 = Debug|Any CPU
		{45304C69-EFE8-45D8-8B3F-F54FB23954D8}.Release|Any CPU.ActiveCfg = Release|Any CPU
		{45304C69-EFE8-45D8-8B3F-F54FB23954D8}.Release|Any CPU.Build.0 = Release|Any CPU
		{2DAFE48E-9011-4D60-AD2C-2EADE92B5094}.Debug|Any CPU.ActiveCfg = Debug|Any CPU
		{2DAFE48E-9011-4D60-AD2C-2EADE92B5094}.Debug|Any CPU.Build.0 = Debug|Any CPU
		{2DAFE48E-9011-4D60-AD2C-2EADE92B5094}.Release|Any CPU.ActiveCfg = Release|Any CPU
		{2DAFE48E-9011-4D60-AD2C-2EADE92B5094}.Release|Any CPU.Build.0 = Release|Any CPU
	EndGlobalSection
	GlobalSection(SolutionProperties) = preSolution
		HideSolutionNode = FALSE
	EndGlobalSection
	GlobalSection(NestedProjects) = preSolution
		{2DAFE48E-9011-4D60-AD2C-2EADE92B5094} = {E467C69A-647D-47EB-B43B-CB6B96CF7A5C}
	EndGlobalSection
	GlobalSection(ExtensibilityGlobals) = postSolution
		SolutionGuid = {D1403170-84DE-4939-B4BD-9A749C9DE71E}
	EndGlobalSection
EndGlobal
